
Microsoft Visual Studio Solution File, Format Version 12.00
# Visual Studio Version 16
VisualStudioVersion = 16.0.30320.27
MinimumVisualStudioVersion = 10.0.40219.1
Project("{9A19103F-16F7-4668-BE54-9A1E7A4F7556}") = "AbstractFactory", "AbstractFactory\src\AbstractFactory.csproj", "{238F537F-1784-45EA-9938-04EE641F584D}"
EndProject
Global
	GlobalSection(SolutionConfigurationPlatforms) = preSolution
		Debug|Any CPU = Debug|Any CPU
		Release|Any CPU = Release|Any CPU
	EndGlobalSection
	GlobalSection(ProjectConfigurationPlatforms) = postSolution
		{238F537F-1784-45EA-9938-04EE641F584D}.Debug|Any CPU.ActiveCfg = Debug|Any CPU
		{238F537F-1784-45EA-9938-04EE641F584D}.Debug|Any CPU.Build.0 = Debug|Any CPU
		{238F537F-1784-45EA-9938-04EE641F584D}.Release|Any CPU.ActiveCfg = Release|Any CPU
		{238F537F-1784-45EA-9938-04EE641F584D}.Release|Any CPU.Build.0 = Release|Any CPU
	EndGlobalSection
	GlobalSection(SolutionProperties) = preSolution
		HideSolutionNode = FALSE
	EndGlobalSection
	GlobalSection(ExtensibilityGlobals) = postSolution
		SolutionGuid = {FFE85156-A13F-4257-868F-381EDD05E312}
	EndGlobalSection
EndGlobal
